# This file is generated by running "yarn install" inside your project.
# Manual changes might be lost - proceed with caution!

__metadata:
  version: 10
  cacheKey: 10

"@scope/runtime-lib@npm:1.0.0":
  version: 1.0.0
  resolution: "@scope/runtime-lib@npm:1.0.0"
  dependencies:
    shared: "npm:^5.0.0"
  checksum: 10/aaa
  languageName: node
  linkType: hard

"dev-tool@npm:2.0.0":
  version: 2.0.0
  resolution: "dev-tool@npm:2.0.0"
  dependencies:
    "@scope/helper": "npm:^1.0.0"
    shared: "npm:^3.3.0"
  peerDependencies:
    orphan: "*"
  dependenciesMeta:
    fsevents:
      optional: true
  checksum: 10/bbb
  languageName: node
  linkType: hard

"@scope/helper@npm:^1.0.0, @scope/helper@npm:^1.0.2":
  version: 1.0.2
  resolution: "@scope/helper@npm:1.0.2"
  dependencies:
    shared: "npm:^3.3.0"
  checksum: 10/ccc
  languageName: node
  linkType: hard

"shared@npm:^3.3.0":
  version: 3.3.11
  resolution: "shared@npm:3.3.11"
  checksum: 10/ddd
  languageName: node
  linkType: hard

"shared@npm:^5.0.0":
  version: 5.1.6
  resolution: "shared@npm:5.1.6"
  checksum: 10/eee
  languageName: node
  linkType: hard

"orphan@npm:1.0.0":
  version: 1.0.0
  resolution: "orphan@npm:1.0.0"
  checksum: 10/fff
  languageName: node
  linkType: hard

"alias-name@npm:real-name@4.0.0":
  version: 4.0.0
  resolution: "real-name@npm:4.0.0"
  checksum: 10/ggg
  languageName: node
  linkType: hard

"knx-frontend@workspace:.":
  version: 0.0.0-use.local
  resolution: "knx-frontend@workspace:."
  dependencies:
    "@scope/runtime-lib": "npm:1.0.0"
    alias-name: "npm:real-name@4.0.0"
    dev-tool: "npm:2.0.0"
  languageName: unknown
  linkType: soft
